// !$*UTF8*$!
{
	archiveVersion = 1;
	classes = {
	};
	objectVersion = 46;
	objects = {

/* Begin PBXBuildFile section */
		849E979C32DD11ED67A49D9B /* Pods_KinClean.framework in Frameworks */ = {isa = PBXBuildFile; fileRef = 6728E1B0E08742EACFA39420 /* Pods_KinClean.framework */; };
		CE208ECE1CC76BAC00E24DDF /* CollectionViewCell.swift in Sources */ = {isa = PBXBuildFile; fileRef = CE208ECD1CC76BAC00E24DDF /* CollectionViewCell.swift */; };
		CE4E72E11CC937C900D8C7ED /* MenuDetailViewController.swift in Sources */ = {isa = PBXBuildFile; fileRef = CE4E72E01CC937C900D8C7ED /* MenuDetailViewController.swift */; };
		CEAED69E1CCA944D004528D5 /* HistoryViewController.swift in Sources */ = {isa = PBXBuildFile; fileRef = CEAED69D1CCA944D004528D5 /* HistoryViewController.swift */; };
		CEB048EB1CBBE895001C141A /* AppDelegate.swift in Sources */ = {isa = PBXBuildFile; fileRef = CEB048EA1CBBE895001C141A /* AppDelegate.swift */; };
		CEB048ED1CBBE895001C141A /* ViewController.swift in Sources */ = {isa = PBXBuildFile; fileRef = CEB048EC1CBBE895001C141A /* ViewController.swift */; };
		CEB048F01CBBE895001C141A /* Main.storyboard in Resources */ = {isa = PBXBuildFile; fileRef = CEB048EE1CBBE895001C141A /* Main.storyboard */; };
		CEB048F21CBBE895001C141A /* Assets.xcassets in Resources */ = {isa = PBXBuildFile; fileRef = CEB048F11CBBE895001C141A /* Assets.xcassets */; };
		CEB048F51CBBE895001C141A /* LaunchScreen.storyboard in Resources */ = {isa = PBXBuildFile; fileRef = CEB048F31CBBE895001C141A /* LaunchScreen.storyboard */; };
		CEBF3BF41CBCF2D80019E98D /* Menu_Object.swift in Sources */ = {isa = PBXBuildFile; fileRef = CEBF3BF31CBCF2D80019E98D /* Menu_Object.swift */; };
		CED0894A1CC9700100B63D94 /* CartViewController.swift in Sources */ = {isa = PBXBuildFile; fileRef = CED089491CC9700100B63D94 /* CartViewController.swift */; };
		CED0894D1CC9722F00B63D94 /* CartTableViewCell.swift in Sources */ = {isa = PBXBuildFile; fileRef = CED0894C1CC9722F00B63D94 /* CartTableViewCell.swift */; };
		CEE63AB41CC9853A00099FEE /* LocationViewController.swift in Sources */ = {isa = PBXBuildFile; fileRef = CEE63AB31CC9853A00099FEE /* LocationViewController.swift */; };
/* End PBXBuildFile section */

/* Begin PBXFileReference section */
		6728E1B0E08742EACFA39420 /* Pods_KinClean.framework */ = {isa = PBXFileReference; explicitFileType = wrapper.framework; includeInIndex = 0; path = Pods_KinClean.framework; sourceTree = BUILT_PRODUCTS_DIR; };
		81F0EAB40726B213BBDFB028 /* Pods-KinClean.debug.xcconfig */ = {isa = PBXFileReference; includeInIndex = 1; lastKnownFileType = text.xcconfig; name = "Pods-KinClean.debug.xcconfig"; path = "Pods/Target Support Files/Pods-KinClean/Pods-KinClean.debug.xcconfig"; sourceTree = "<group>"; };
		BFC46AF8F00EA84ED9CEA05C /* Pods-KinClean.release.xcconfig */ = {isa = PBXFileReference; includeInIndex = 1; lastKnownFileType = text.xcconfig; name = "Pods-KinClean.release.xcconfig"; path = "Pods/Target Support Files/Pods-KinClean/Pods-KinClean.release.xcconfig"; sourceTree = "<group>"; };
		CE208ECD1CC76BAC00E24DDF /* CollectionViewCell.swift */ = {isa = PBXFileReference; fileEncoding = 4; lastKnownFileType = sourcecode.swift; path = CollectionViewCell.swift; sourceTree = "<group>"; };
		CE4E72E01CC937C900D8C7ED /* MenuDetailViewController.swift */ = {isa = PBXFileReference; fileEncoding = 4; lastKnownFileType = sourcecode.swift; path = MenuDetailViewController.swift; sourceTree = "<group>"; };
		CEAED69D1CCA944D004528D5 /* HistoryViewController.swift */ = {isa = PBXFileReference; fileEncoding = 4; lastKnownFileType = sourcecode.swift; path = HistoryViewController.swift; sourceTree = "<group>"; };
		CEB048E71CBBE895001C141A /* KinClean.app */ = {isa = PBXFileReference; explicitFileType = wrapper.application; includeInIndex = 0; path = KinClean.app; sourceTree = BUILT_PRODUCTS_DIR; };
		CEB048EA1CBBE895001C141A /* AppDelegate.swift */ = {isa = PBXFileReference; lastKnownFileType = sourcecode.swift; path = AppDelegate.swift; sourceTree = "<group>"; };
		CEB048EC1CBBE895001C141A /* ViewController.swift */ = {isa = PBXFileReference; lastKnownFileType = sourcecode.swift; path = ViewController.swift; sourceTree = "<group>"; };
		CEB048EF1CBBE895001C141A /* Base */ = {isa = PBXFileReference; lastKnownFileType = file.storyboard; name = Base; path = Base.lproj/Main.storyboard; sourceTree = "<group>"; };
		CEB048F11CBBE895001C141A /* Assets.xcassets */ = {isa = PBXFileReference; lastKnownFileType = folder.assetcatalog; path = Assets.xcassets; sourceTree = "<group>"; };
		CEB048F41CBBE895001C141A /* Base */ = {isa = PBXFileReference; lastKnownFileType = file.storyboard; name = Base; path = Base.lproj/LaunchScreen.storyboard; sourceTree = "<group>"; };
		CEB048F61CBBE895001C141A /* Info.plist */ = {isa = PBXFileReference; lastKnownFileType = text.plist.xml; path = Info.plist; sourceTree = "<group>"; };
		CEBF3BF31CBCF2D80019E98D /* Menu_Object.swift */ = {isa = PBXFileReference; fileEncoding = 4; lastKnownFileType = sourcecode.swift; path = Menu_Object.swift; sourceTree = "<group>"; };
		CED089491CC9700100B63D94 /* CartViewController.swift */ = {isa = PBXFileReference; fileEncoding = 4; lastKnownFileType = sourcecode.swift; path = CartViewController.swift; sourceTree = "<group>"; };
		CED0894C1CC9722F00B63D94 /* CartTableViewCell.swift */ = {isa = PBXFileReference; fileEncoding = 4; lastKnownFileType = sourcecode.swift; path = CartTableViewCell.swift; sourceTree = "<group>"; };
		CEE63AB31CC9853A00099FEE /* LocationViewController.swift */ = {isa = PBXFileReference; fileEncoding = 4; lastKnownFileType = sourcecode.swift; path = LocationViewController.swift; sourceTree = "<group>"; };
/* End PBXFileReference section */

/* Begin PBXFrameworksBuildPhase section */
		CEB048E41CBBE895001C141A /* Frameworks */ = {
			isa = PBXFrameworksBuildPhase;
			buildActionMask = 2147483647;
			files = (
				849E979C32DD11ED67A49D9B /* Pods_KinClean.framework in Frameworks */,
			);
			runOnlyForDeploymentPostprocessing = 0;
		};
/* End PBXFrameworksBuildPhase section */

/* Begin PBXGroup section */
		2A22DA43CBA0E2060C0831D4 /* Frameworks */ = {
			isa = PBXGroup;
			children = (
				6728E1B0E08742EACFA39420 /* Pods_KinClean.framework */,
			);
			name = Frameworks;
			sourceTree = "<group>";
		};
		CEB048DE1CBBE895001C141A = {
			isa = PBXGroup;
			children = (
				CEB048E91CBBE895001C141A /* KinClean */,
				CEB048E81CBBE895001C141A /* Products */,
				E6AE0D43978C308ACD2072F4 /* Pods */,
				2A22DA43CBA0E2060C0831D4 /* Frameworks */,
			);
			sourceTree = "<group>";
		};
		CEB048E81CBBE895001C141A /* Products */ = {
			isa = PBXGroup;
			children = (
				CEB048E71CBBE895001C141A /* KinClean.app */,
			);
			name = Products;
			sourceTree = "<group>";
		};
		CEB048E91CBBE895001C141A /* KinClean */ = {
			isa = PBXGroup;
			children = (
				CEB048EA1CBBE895001C141A /* AppDelegate.swift */,
				CEBF3BF31CBCF2D80019E98D /* Menu_Object.swift */,
				CEB048EC1CBBE895001C141A /* ViewController.swift */,
				CE208ECD1CC76BAC00E24DDF /* CollectionViewCell.swift */,
				CE4E72E01CC937C900D8C7ED /* MenuDetailViewController.swift */,
				CED089491CC9700100B63D94 /* CartViewController.swift */,
				CED0894C1CC9722F00B63D94 /* CartTableViewCell.swift */,
				CEAED69D1CCA944D004528D5 /* HistoryViewController.swift */,
				CEE63AB31CC9853A00099FEE /* LocationViewController.swift */,
				CEB048EE1CBBE895001C141A /* Main.storyboard */,
				CEB048F11CBBE895001C141A /* Assets.xcassets */,
				CEB048F31CBBE895001C141A /* LaunchScreen.storyboard */,
				CEB048F61CBBE895001C141A /* Info.plist */,
			);
			path = KinClean;
			sourceTree = "<group>";
		};
		E6AE0D43978C308ACD2072F4 /* Pods */ = {
			isa = PBXGroup;
			children = (
				81F0EAB40726B213BBDFB028 /* Pods-KinClean.debug.xcconfig */,
				BFC46AF8F00EA84ED9CEA05C /* Pods-KinClean.release.xcconfig */,
			);
			name = Pods;
			sourceTree = "<group>";
		};
/* End PBXGroup section */

/* Begin PBXNativeTarget section */
		CEB048E61CBBE895001C141A /* KinClean */ = {
			isa = PBXNativeTarget;
			buildConfigurationList = CEB048F91CBBE895001C141A /* Build configuration list for PBXNativeTarget "KinClean" */;
			buildPhases = (
				4425491B5F87D7FBBDD4739A /* Check Pods Manifest.lock */,
				CEB048E31CBBE895001C141A /* Sources */,
				CEB048E41CBBE895001C141A /* Frameworks */,
				CEB048E51CBBE895001C141A /* Resources */,
				9D88B6C955B65FFEB78DF297 /* Embed Pods Frameworks */,
				5233FC992C5F3727092E963A /* Copy Pods Resources */,
			);
			buildRules = (
			);
			dependencies = (
			);
			name = KinClean;
			productName = KinClean;
			productReference = CEB048E71CBBE895001C141A /* KinClean.app */;
			productType = "com.apple.product-type.application";
		};
/* End PBXNativeTarget section */

/* Begin PBXProject section */
		CEB048DF1CBBE895001C141A /* Project object */ = {
			isa = PBXProject;
			attributes = {
				LastSwiftUpdateCheck = 0730;
				LastUpgradeCheck = 0730;
				ORGANIZATIONNAME = inknock;
				TargetAttributes = {
					CEB048E61CBBE895001C141A = {
						CreatedOnToolsVersion = 7.3;
					};
				};
			};
			buildConfigurationList = CEB048E21CBBE895001C141A /* Build configuration list for PBXProject "KinClean" */;
			compatibilityVersion = "Xcode 3.2";
			developmentRegion = English;
			hasScannedForEncodings = 0;
			knownRegions = (
				en,
				Base,
			);
			mainGroup = CEB048DE1CBBE895001C141A;
			productRefGroup = CEB048E81CBBE895001C141A /* Products */;
			projectDirPath = "";
			projectRoot = "";
			targets = (
				CEB048E61CBBE895001C141A /* KinClean */,
			);
		};
/* End PBXProject section */

/* Begin PBXResourcesBuildPhase section */
		CEB048E51CBBE895001C141A /* Resources */ = {
			isa = PBXResourcesBuildPhase;
			buildActionMask = 2147483647;
			files = (
				CEB048F51CBBE895001C141A /* LaunchScreen.storyboard in Resources */,
				CEB048F21CBBE895001C141A /* Assets.xcassets in Resources */,
				CEB048F01CBBE895001C141A /* Main.storyboard in Resources */,
			);
			runOnlyForDeploymentPostprocessing = 0;
		};
/* End PBXResourcesBuildPhase section */

/* Begin PBXShellScriptBuildPhase section */
		4425491B5F87D7FBBDD4739A /* Check Pods Manifest.lock */ = {
			isa = PBXShellScriptBuildPhase;
			buildActionMask = 2147483647;
			files = (
			);
			inputPaths = (
			);
			name = "Check Pods Manifest.lock";
			outputPaths = (
			);
			runOnlyForDeploymentPostprocessing = 0;
			shellPath = /bin/sh;
			shellScript = "diff \"${PODS_ROOT}/../Podfile.lock\" \"${PODS_ROOT}/Manifest.lock\" > /dev/null\nif [[ $? != 0 ]] ; then\n    cat << EOM\nerror: The sandbox is not in sync with the Podfile.lock. Run 'pod install' or update your CocoaPods installation.\nEOM\n    exit 1\nfi\n";
			showEnvVarsInLog = 0;
		};
		5233FC992C5F3727092E963A /* Copy Pods Resources */ = {
			isa = PBXShellScriptBuildPhase;
			buildActionMask = 2147483647;
			files = (
			);
			inputPaths = (
			);
			name = "Copy Pods Resources";
			outputPaths = (
			);
			runOnlyForDeploymentPostprocessing = 0;
			shellPath = /bin/sh;
			shellScript = "\"${SRCROOT}/Pods/Target Support Files/Pods-KinClean/Pods-KinClean-resources.sh\"\n";
			showEnvVarsInLog = 0;
		};
		9D88B6C955B65FFEB78DF297 /* Embed Pods Frameworks */ = {
			isa = PBXShellScriptBuildPhase;
			buildActionMask = 2147483647;
			files = (
			);
			inputPaths = (
			);
			name = "Embed Pods Frameworks";
			outputPaths = (
			);
			runOnlyForDeploymentPostprocessing = 0;
			shellPath = /bin/sh;
			shellScript = "\"${SRCROOT}/Pods/Target Support Files/Pods-KinClean/Pods-KinClean-frameworks.sh\"\n";
			showEnvVarsInLog = 0;
		};
/* End PBXShellScriptBuildPhase section */

/* Begin PBXSourcesBuildPhase section */
		CEB048E31CBBE895001C141A /* Sources */ = {
			isa = PBXSourcesBuildPhase;
			buildActionMask = 2147483647;
			files = (
				CED0894D1CC9722F00B63D94 /* CartTableViewCell.swift in Sources */,
				CE208ECE1CC76BAC00E24DDF /* CollectionViewCell.swift in Sources */,
				CE4E72E11CC937C900D8C7ED /* MenuDetailViewController.swift in Sources */,
				CEBF3BF41CBCF2D80019E98D /* Menu_Object.swift in Sources */,
				CEB048ED1CBBE895001C141A /* ViewController.swift in Sources */,
				CED0894A1CC9700100B63D94 /* CartViewController.swift in Sources */,
				CEAED69E1CCA944D004528D5 /* HistoryViewController.swift in Sources */,
				CEB048EB1CBBE895001C141A /* AppDelegate.swift in Sources */,
				CEE63AB41CC9853A00099FEE /* LocationViewController.swift in Sources */,
			);
			runOnlyForDeploymentPostprocessing = 0;
		};
/* End PBXSourcesBuildPhase section */

/* Begin PBXVariantGroup section */
		CEB048EE1CBBE895001C141A /* Main.storyboard */ = {
			isa = PBXVariantGroup;
			children = (
				CEB048EF1CBBE895001C141A /* Base */,
			);
			name = Main.storyboard;
			sourceTree = "<group>";
		};
		CEB048F31CBBE895001C141A /* LaunchScreen.storyboard */ = {
			isa = PBXVariantGroup;
			children = (
				CEB048F41CBBE895001C141A /* Base */,
			);
			name = LaunchScreen.storyboard;
			sourceTree = "<group>";
		};
/* End PBXVariantGroup section */

/* Begin XCBuildConfiguration section */
		CEB048F71CBBE895001C141A /* Debug */ = {
			isa = XCBuildConfiguration;
			buildSettings = {
				ALWAYS_SEARCH_USER_PATHS = NO;
				CLANG_ANALYZER_NONNULL = YES;
				CLANG_CXX_LANGUAGE_STANDARD = "gnu++0x";
				CLANG_CXX_LIBRARY = "libc++";
				CLANG_ENABLE_MODULES = YES;
				CLANG_ENABLE_OBJC_ARC = YES;
				CLANG_WARN_BOOL_CONVERSION = YES;
				CLANG_WARN_CONSTANT_CONVERSION = YES;
				CLANG_WARN_DIRECT_OBJC_ISA_USAGE = YES_ERROR;
				CLANG_WARN_EMPTY_BODY = YES;
				CLANG_WARN_ENUM_CONVERSION = YES;
				CLANG_WARN_INT_CONVERSION = YES;
				CLANG_WARN_OBJC_ROOT_CLASS = YES_ERROR;
				CLANG_WARN_UNREACHABLE_CODE = YES;
				CLANG_WARN__DUPLICATE_METHOD_MATCH = YES;
				"CODE_SIGN_IDENTITY[sdk=iphoneos*]" = "iPhone Developer";
				COPY_PHASE_STRIP = NO;
				DEBUG_INFORMATION_FORMAT = dwarf;
				ENABLE_STRICT_OBJC_MSGSEND = YES;
				ENABLE_TESTABILITY = YES;
				GCC_C_LANGUAGE_STANDARD = gnu99;
				GCC_DYNAMIC_NO_PIC = NO;
				GCC_NO_COMMON_BLOCKS = YES;
				GCC_OPTIMIZATION_LEVEL = 0;
				GCC_PREPROCESSOR_DEFINITIONS = (
					"DEBUG=1",
					"$(inherited)",
				);
				GCC_WARN_64_TO_32_BIT_CONVERSION = YES;
				GCC_WARN_ABOUT_RETURN_TYPE = YES_ERROR;
				GCC_WARN_UNDECLARED_SELECTOR = YES;
				GCC_WARN_UNINITIALIZED_AUTOS = YES_AGGRESSIVE;
				GCC_WARN_UNUSED_FUNCTION = YES;
				GCC_WARN_UNUSED_VARIABLE = YES;
				IPHONEOS_DEPLOYMENT_TARGET = 9.3;
				MTL_ENABLE_DEBUG_INFO = YES;
				ONLY_ACTIVE_ARCH = YES;
				SDKROOT = iphoneos;
				SWIFT_OPTIMIZATION_LEVEL = "-Onone";
				TARGETED_DEVICE_FAMILY = "1,2";
			};
			name = Debug;
		};
		CEB048F81CBBE895001C141A /* Release */ = {
			isa = XCBuildConfiguration;
			buildSettings = {
				ALWAYS_SEARCH_USER_PATHS = NO;
				CLANG_ANALYZER_NONNULL = YES;
				CLANG_CXX_LANGUAGE_STANDARD = "gnu++0x";
				CLANG_CXX_LIBRARY = "libc++";
				CLANG_ENABLE_MODULES = YES;
				CLANG_ENABLE_OBJC_ARC = YES;
				CLANG_WARN_BOOL_CONVERSION = YES;
				CLANG_WARN_CONSTANT_CONVERSION = YES;
				CLANG_WARN_DIRECT_OBJC_ISA_USAGE = YES_ERROR;
				CLANG_WARN_EMPTY_BODY = YES;
				CLANG_WARN_ENUM_CONVERSION = YES;
				CLANG_WARN_INT_CONVERSION = YES;
				CLANG_WARN_OBJC_ROOT_CLASS = YES_ERROR;
				CLANG_WARN_UNREACHABLE_CODE = YES;
				CLANG_WARN__DUPLICATE_METHOD_MATCH = YES;
				"CODE_SIGN_IDENTITY[sdk=iphoneos*]" = "iPhone Developer";
				COPY_PHASE_STRIP = NO;
				DEBUG_INFORMATION_FORMAT = "dwarf-with-dsym";
				ENABLE_NS_ASSERTIONS = NO;
				ENABLE_STRICT_OBJC_MSGSEND = YES;
				GCC_C_LANGUAGE_STANDARD = gnu99;
				GCC_NO_COMMON_BLOCKS = YES;
				GCC_WARN_64_TO_32_BIT_CONVERSION = YES;
				GCC_WARN_ABOUT_RETURN_TYPE = YES_ERROR;
				GCC_WARN_UNDECLARED_SELECTOR = YES;
				GCC_WARN_UNINITIALIZED_AUTOS = YES_AGGRESSIVE;
				GCC_WARN_UNUSED_FUNCTION = YES;
				GCC_WARN_UNUSED_VARIABLE = YES;
				IPHONEOS_DEPLOYMENT_TARGET = 9.3;
				MTL_ENABLE_DEBUG_INFO = NO;
				SDKROOT = iphoneos;
				TARGETED_DEVICE_FAMILY = "1,2";
				VALIDATE_PRODUCT = YES;
			};
			name = Release;
		};
		CEB048FA1CBBE895001C141A /* Debug */ = {
			isa = XCBuildConfiguration;
			baseConfigurationReference = 81F0EAB40726B213BBDFB028 /* Pods-KinClean.debug.xcconfig */;
			buildSettings = {
				ASSETCATALOG_COMPILER_APPICON_NAME = AppIcon;
				INFOPLIST_FILE = KinClean/Info.plist;
				LD_RUNPATH_SEARCH_PATHS = "$(inherited) @executable_path/Frameworks";
				PRODUCT_BUNDLE_IDENTIFIER = www.innovationknock.KinClean;
				PRODUCT_NAME = "$(TARGET_NAME)";
			};
			name = Debug;
		};
		CEB048FB1CBBE895001C141A /* Release */ = {
			isa = XCBuildConfiguration;
			baseConfigurationReference = BFC46AF8F00EA84ED9CEA05C /* Pods-KinClean.release.xcconfig */;
			buildSettings = {
				ASSETCATALOG_COMPILER_APPICON_NAME = AppIcon;
				INFOPLIST_FILE = KinClean/Info.plist;
				LD_RUNPATH_SEARCH_PATHS = "$(inherited) @executable_path/Frameworks";
				PRODUCT_BUNDLE_IDENTIFIER = www.innovationknock.KinClean;
				PRODUCT_NAME = "$(TARGET_NAME)";
			};
			name = Release;
		};
/* End XCBuildConfiguration section */

/* Begin XCConfigurationList section */
		CEB048E21CBBE895001C141A /* Build configuration list for PBXProject "KinClean" */ = {
			isa = XCConfigurationList;
			buildConfigurations = (
				CEB048F71CBBE895001C141A /* Debug */,
				CEB048F81CBBE895001C141A /* Release */,
			);
			defaultConfigurationIsVisible = 0;
			defaultConfigurationName = Release;
		};
		CEB048F91CBBE895001C141A /* Build configuration list for PBXNativeTarget "KinClean" */ = {
			isa = XCConfigurationList;
			buildConfigurations = (
				CEB048FA1CBBE895001C141A /* Debug */,
				CEB048FB1CBBE895001C141A /* Release */,
			);
			defaultConfigurationIsVisible = 0;
			defaultConfigurationName = Release;
		};
/* End XCConfigurationList section */
	};
	rootObject = CEB048DF1CBBE895001C141A /* Project object */;
}
